
Microsoft Visual Studio Solution File, Format Version 12.00
# Visual Studio Version 17
VisualStudioVersion = 17.3.32804.467
MinimumVisualStudioVersion = 10.0.40219.1
Project("{8BC9CEB8-8B4A-11D0-8D11-00A0C91BC942}") = "bmi", "bmi\bmi.vcxproj", "{80B11C24-2EED-44CF-884F-3D4B1729CD6D}"
EndProject
Global
	GlobalSection(SolutionConfigurationPlatforms) = preSolution
		Debug|x64 = Debug|x64
		Debug|x86 = Debug|x86
		Release|x64 = Release|x64
		Release|x86 = Release|x86
	EndGlobalSection
	GlobalSection(ProjectConfigurationPlatforms) = postSolution
		{80B11C24-2EED-44CF-884F-3D4B1729CD6D}.Debug|x64.ActiveCfg = Debug|x64
		{80B11C24-2EED-44CF-884F-3D4B1729CD6D}.Debug|x64.Build.0 = Debug|x64
		{80B11C24-2EED-44CF-884F-3D4B1729CD6D}.Debug|x86.ActiveCfg = Debug|Win32
		{80B11C24-2EED-44CF-884F-3D4B1729CD6D}.Debug|x86.Build.0 = Debug|Win32
		{80B11C24-2EED-44CF-884F-3D4B1729CD6D}.Release|x64.ActiveCfg = Release|x64
		{80B11C24-2EED-44CF-884F-3D4B1729CD6D}.Release|x64.Build.0 = Release|x64
		{80B11C24-2EED-44CF-884F-3D4B1729CD6D}.Release|x86.ActiveCfg = Release|Win32
		{80B11C24-2EED-44CF-884F-3D4B1729CD6D}.Release|x86.Build.0 = Release|Win32
	EndGlobalSection
	GlobalSection(SolutionProperties) = preSolution
		HideSolutionNode = FALSE
	EndGlobalSection
	GlobalSection(ExtensibilityGlobals) = postSolution
		SolutionGuid = {76D2107D-3784-47DD-9D96-3830A16DF65C}
	EndGlobalSection
EndGlobal
