
Microsoft Visual Studio Solution File, Format Version 12.00
# Visual Studio Version 17
VisualStudioVersion = 17.3.32804.467
MinimumVisualStudioVersion = 10.0.40219.1
Project("{8BC9CEB8-8B4A-11D0-8D11-00A0C91BC942}") = "test_11_29", "test_11_29\test_11_29.vcxproj", "{A90496D1-5904-441E-9052-0BFFD395F4C9}"
EndProject
Global
	GlobalSection(SolutionConfigurationPlatforms) = preSolution
		Debug|x64 = Debug|x64
		Debug|x86 = Debug|x86
		Release|x64 = Release|x64
		Release|x86 = Release|x86
	EndGlobalSection
	GlobalSection(ProjectConfigurationPlatforms) = postSolution
		{A90496D1-5904-441E-9052-0BFFD395F4C9}.Debug|x64.ActiveCfg = Debug|x64
		{A90496D1-5904-441E-9052-0BFFD395F4C9}.Debug|x64.Build.0 = Debug|x64
		{A90496D1-5904-441E-9052-0BFFD395F4C9}.Debug|x86.ActiveCfg = Debug|Win32
		{A90496D1-5904-441E-9052-0BFFD395F4C9}.Debug|x86.Build.0 = Debug|Win32
		{A90496D1-5904-441E-9052-0BFFD395F4C9}.Release|x64.ActiveCfg = Release|x64
		{A90496D1-5904-441E-9052-0BFFD395F4C9}.Release|x64.Build.0 = Release|x64
		{A90496D1-5904-441E-9052-0BFFD395F4C9}.Release|x86.ActiveCfg = Release|Win32
		{A90496D1-5904-441E-9052-0BFFD395F4C9}.Release|x86.Build.0 = Release|Win32
	EndGlobalSection
	GlobalSection(SolutionProperties) = preSolution
		HideSolutionNode = FALSE
	EndGlobalSection
	GlobalSection(ExtensibilityGlobals) = postSolution
		SolutionGuid = {B2D19E42-693D-4293-90B5-642DFDF8D94A}
	EndGlobalSection
EndGlobal
