
Microsoft Visual Studio Solution File, Format Version 12.00
# Visual Studio Version 17
VisualStudioVersion = 17.3.32804.467
MinimumVisualStudioVersion = 10.0.40219.1
Project("{8BC9CEB8-8B4A-11D0-8D11-00A0C91BC942}") = "moban", "moban\moban.vcxproj", "{E44D0704-6334-4408-9C9A-32E4BA68A22B}"
EndProject
Global
	GlobalSection(SolutionConfigurationPlatforms) = preSolution
		Debug|x64 = Debug|x64
		Debug|x86 = Debug|x86
		Release|x64 = Release|x64
		Release|x86 = Release|x86
	EndGlobalSection
	GlobalSection(ProjectConfigurationPlatforms) = postSolution
		{E44D0704-6334-4408-9C9A-32E4BA68A22B}.Debug|x64.ActiveCfg = Debug|x64
		{E44D0704-6334-4408-9C9A-32E4BA68A22B}.Debug|x64.Build.0 = Debug|x64
		{E44D0704-6334-4408-9C9A-32E4BA68A22B}.Debug|x86.ActiveCfg = Debug|Win32
		{E44D0704-6334-4408-9C9A-32E4BA68A22B}.Debug|x86.Build.0 = Debug|Win32
		{E44D0704-6334-4408-9C9A-32E4BA68A22B}.Release|x64.ActiveCfg = Release|x64
		{E44D0704-6334-4408-9C9A-32E4BA68A22B}.Release|x64.Build.0 = Release|x64
		{E44D0704-6334-4408-9C9A-32E4BA68A22B}.Release|x86.ActiveCfg = Release|Win32
		{E44D0704-6334-4408-9C9A-32E4BA68A22B}.Release|x86.Build.0 = Release|Win32
	EndGlobalSection
	GlobalSection(SolutionProperties) = preSolution
		HideSolutionNode = FALSE
	EndGlobalSection
	GlobalSection(ExtensibilityGlobals) = postSolution
		SolutionGuid = {A74E4640-1363-48B8-8C53-9E89ED3C9B64}
	EndGlobalSection
EndGlobal
